
Microsoft Visual Studio Solution File, Format Version 12.00
# Visual Studio Version 17
VisualStudioVersion = 17.10.35013.160
MinimumVisualStudioVersion = 10.0.40219.1
Project("{9A19103F-16F7-4668-BE54-9A1E7A4F7556}") = "E-Commerce", "E-Commerce.csproj", "{83EC66E2-E222-4B6B-81C8-DD0FA14BF0CA}"
EndProject
Global
	GlobalSection(SolutionConfigurationPlatforms) = preSolution
		Debug|Any CPU = Debug|Any CPU
		Release|Any CPU = Release|Any CPU
	EndGlobalSection
	GlobalSection(ProjectConfigurationPlatforms) = postSolution
		{83EC66E2-E222-4B6B-81C8-DD0FA14BF0CA}.Debug|Any CPU.ActiveCfg = Debug|Any CPU
		{83EC66E2-E222-4B6B-81C8-DD0FA14BF0CA}.Debug|Any CPU.Build.0 = Debug|Any CPU
		{83EC66E2-E222-4B6B-81C8-DD0FA14BF0CA}.Release|Any CPU.ActiveCfg = Release|Any CPU
		{83EC66E2-E222-4B6B-81C8-DD0FA14BF0CA}.Release|Any CPU.Build.0 = Release|Any CPU
	EndGlobalSection
	GlobalSection(SolutionProperties) = preSolution
		HideSolutionNode = FALSE
	EndGlobalSection
	GlobalSection(ExtensibilityGlobals) = postSolution
		SolutionGuid = {78B13AE0-1C21-4514-9C88-221492623852}
	EndGlobalSection
EndGlobal
